// !$*UTF8*$!
{
	archiveVersion = 1;
	classes = {
	};
	objectVersion = 46;
	objects = {

/* Begin PBXBuildFile section */
		1BEE0C17B84C003547A59B22 /* Pods_SwiftRadio.framework in Frameworks */ = {isa = PBXBuildFile; fileRef = 75498EEE299D3340E6262444 /* Pods_SwiftRadio.framework */; };
		2C5545BD1C1124DE00728469 /* SwiftRadioUITests.swift in Sources */ = {isa = PBXBuildFile; fileRef = 2C5545BC1C1124DE00728469 /* SwiftRadioUITests.swift */; };
		670E77DD1FB80779002362CF /* SongRequestingViewController.swift in Sources */ = {isa = PBXBuildFile; fileRef = 670E77DC1FB80779002362CF /* SongRequestingViewController.swift */; };
		673078AD1FA4E05E009943AE /* YoutubeSearchViewController.swift in Sources */ = {isa = PBXBuildFile; fileRef = 673078AC1FA4E05E009943AE /* YoutubeSearchViewController.swift */; };
		673078AF1FA4ECD1009943AE /* YoutubeSearchTableViewCell.swift in Sources */ = {isa = PBXBuildFile; fileRef = 673078AE1FA4ECD1009943AE /* YoutubeSearchTableViewCell.swift */; };
		674EE7BB1FA579EA0084C256 /* YoutubeAPI.swift in Sources */ = {isa = PBXBuildFile; fileRef = 674EE7BA1FA579EA0084C256 /* YoutubeAPI.swift */; };
		674EE7BD1FA57CA70084C256 /* YoutubeAPITestCase.swift in Sources */ = {isa = PBXBuildFile; fileRef = 674EE7BC1FA57CA70084C256 /* YoutubeAPITestCase.swift */; };
		674EE7CD1FA581B30084C256 /* Request.swift in Sources */ = {isa = PBXBuildFile; fileRef = 674EE7CC1FA581B30084C256 /* Request.swift */; };
		674EE7CF1FA5C3820084C256 /* YoutubeDetailViewController.swift in Sources */ = {isa = PBXBuildFile; fileRef = 674EE7CE1FA5C3820084C256 /* YoutubeDetailViewController.swift */; };
		67CAA2E01FBF251B00E9C2DF /* request_waiting.html in Resources */ = {isa = PBXBuildFile; fileRef = 67CAA2DF1FBF251B00E9C2DF /* request_waiting.html */; };
		67E106621FBF50EA0090D1A0 /* GoogleService-Info.plist in Resources */ = {isa = PBXBuildFile; fileRef = 67E106611FBF50EA0090D1A0 /* GoogleService-Info.plist */; };
		9409E11C1ABF6FEA00312E2B /* AppDelegate.swift in Sources */ = {isa = PBXBuildFile; fileRef = 9409E11B1ABF6FEA00312E2B /* AppDelegate.swift */; };
		9409E1241ABF6FEA00312E2B /* Main.storyboard in Resources */ = {isa = PBXBuildFile; fileRef = 9409E1221ABF6FEA00312E2B /* Main.storyboard */; };
		9409E1261ABF6FEA00312E2B /* Images.xcassets in Resources */ = {isa = PBXBuildFile; fileRef = 9409E1251ABF6FEA00312E2B /* Images.xcassets */; };
		9409E1401ABF78B000312E2B /* NowPlayingViewController.swift in Sources */ = {isa = PBXBuildFile; fileRef = 9409E13F1ABF78B000312E2B /* NowPlayingViewController.swift */; };
		945DB3C51AD5A6E200495EBB /* NothingFoundCell.xib in Resources */ = {isa = PBXBuildFile; fileRef = 945DB3C41AD5A6E200495EBB /* NothingFoundCell.xib */; };
		949BBB401ACC9DEE005B7C26 /* DataManager.swift in Sources */ = {isa = PBXBuildFile; fileRef = 949BBB3F1ACC9DEE005B7C26 /* DataManager.swift */; };
		949E5EB01ACB340200AB6280 /* UIImageView+Download.swift in Sources */ = {isa = PBXBuildFile; fileRef = 949E5EAF1ACB340200AB6280 /* UIImageView+Download.swift */; };
		94D260961B45E3FA00DE671C /* AnimationFrames.swift in Sources */ = {isa = PBXBuildFile; fileRef = 94D260951B45E3FA00DE671C /* AnimationFrames.swift */; };
		94DB0A901B98B762005ED993 /* AsyncButton.swift in Sources */ = {isa = PBXBuildFile; fileRef = 94DB0A721B98B762005ED993 /* AsyncButton.swift */; };
		94DB0A911B98B762005ED993 /* AsyncImageView.swift in Sources */ = {isa = PBXBuildFile; fileRef = 94DB0A731B98B762005ED993 /* AsyncImageView.swift */; };
		94DB0A921B98B762005ED993 /* AutoTextView.swift in Sources */ = {isa = PBXBuildFile; fileRef = 94DB0A741B98B762005ED993 /* AutoTextView.swift */; };
		94DB0A931B98B762005ED993 /* BlurView.swift in Sources */ = {isa = PBXBuildFile; fileRef = 94DB0A751B98B762005ED993 /* BlurView.swift */; };
		94DB0A941B98B762005ED993 /* DesignableButton.swift in Sources */ = {isa = PBXBuildFile; fileRef = 94DB0A761B98B762005ED993 /* DesignableButton.swift */; };
		94DB0A951B98B762005ED993 /* DesignableImageView.swift in Sources */ = {isa = PBXBuildFile; fileRef = 94DB0A771B98B762005ED993 /* DesignableImageView.swift */; };
		94DB0A961B98B762005ED993 /* DesignableLabel.swift in Sources */ = {isa = PBXBuildFile; fileRef = 94DB0A781B98B762005ED993 /* DesignableLabel.swift */; };
		94DB0A971B98B762005ED993 /* DesignableTabBarController.swift in Sources */ = {isa = PBXBuildFile; fileRef = 94DB0A791B98B762005ED993 /* DesignableTabBarController.swift */; };
		94DB0A981B98B762005ED993 /* DesignableTextField.swift in Sources */ = {isa = PBXBuildFile; fileRef = 94DB0A7A1B98B762005ED993 /* DesignableTextField.swift */; };
		94DB0A991B98B762005ED993 /* DesignableTextView.swift in Sources */ = {isa = PBXBuildFile; fileRef = 94DB0A7B1B98B762005ED993 /* DesignableTextView.swift */; };
		94DB0A9A1B98B762005ED993 /* DesignableView.swift in Sources */ = {isa = PBXBuildFile; fileRef = 94DB0A7C1B98B762005ED993 /* DesignableView.swift */; };
		94DB0A9B1B98B762005ED993 /* ImageLoader.swift in Sources */ = {isa = PBXBuildFile; fileRef = 94DB0A7D1B98B762005ED993 /* ImageLoader.swift */; };
		94DB0A9C1B98B762005ED993 /* Info.plist in Resources */ = {isa = PBXBuildFile; fileRef = 94DB0A7E1B98B762005ED993 /* Info.plist */; };
		94DB0A9D1B98B762005ED993 /* KeyboardLayoutConstraint.swift in Sources */ = {isa = PBXBuildFile; fileRef = 94DB0A7F1B98B762005ED993 /* KeyboardLayoutConstraint.swift */; };
		94DB0A9E1B98B762005ED993 /* LoadingView.swift in Sources */ = {isa = PBXBuildFile; fileRef = 94DB0A801B98B762005ED993 /* LoadingView.swift */; };
		94DB0A9F1B98B762005ED993 /* LoadingView.xib in Resources */ = {isa = PBXBuildFile; fileRef = 94DB0A811B98B762005ED993 /* LoadingView.xib */; };
		94DB0AA01B98B762005ED993 /* Misc.swift in Sources */ = {isa = PBXBuildFile; fileRef = 94DB0A821B98B762005ED993 /* Misc.swift */; };
		94DB0AA11B98B762005ED993 /* SoundPlayer.swift in Sources */ = {isa = PBXBuildFile; fileRef = 94DB0A831B98B762005ED993 /* SoundPlayer.swift */; };
		94DB0AA21B98B762005ED993 /* Spring.swift in Sources */ = {isa = PBXBuildFile; fileRef = 94DB0A851B98B762005ED993 /* Spring.swift */; };
		94DB0AA31B98B762005ED993 /* SpringAnimation.swift in Sources */ = {isa = PBXBuildFile; fileRef = 94DB0A861B98B762005ED993 /* SpringAnimation.swift */; };
		94DB0AA41B98B762005ED993 /* SpringButton.swift in Sources */ = {isa = PBXBuildFile; fileRef = 94DB0A871B98B762005ED993 /* SpringButton.swift */; };
		94DB0AA51B98B762005ED993 /* SpringImageView.swift in Sources */ = {isa = PBXBuildFile; fileRef = 94DB0A881B98B762005ED993 /* SpringImageView.swift */; };
		94DB0AA61B98B762005ED993 /* SpringLabel.swift in Sources */ = {isa = PBXBuildFile; fileRef = 94DB0A891B98B762005ED993 /* SpringLabel.swift */; };
		94DB0AA71B98B762005ED993 /* SpringTextField.swift in Sources */ = {isa = PBXBuildFile; fileRef = 94DB0A8A1B98B762005ED993 /* SpringTextField.swift */; };
		94DB0AA81B98B762005ED993 /* SpringTextView.swift in Sources */ = {isa = PBXBuildFile; fileRef = 94DB0A8B1B98B762005ED993 /* SpringTextView.swift */; };
		94DB0AA91B98B762005ED993 /* SpringView.swift in Sources */ = {isa = PBXBuildFile; fileRef = 94DB0A8C1B98B762005ED993 /* SpringView.swift */; };
		94DB0AAA1B98B762005ED993 /* TransitionManager.swift in Sources */ = {isa = PBXBuildFile; fileRef = 94DB0A8D1B98B762005ED993 /* TransitionManager.swift */; };
		94DB0AAB1B98B762005ED993 /* TransitionZoom.swift in Sources */ = {isa = PBXBuildFile; fileRef = 94DB0A8E1B98B762005ED993 /* TransitionZoom.swift */; };
		94DB0AAC1B98B762005ED993 /* UnwindSegue.swift in Sources */ = {isa = PBXBuildFile; fileRef = 94DB0A8F1B98B762005ED993 /* UnwindSegue.swift */; };
		94E9761C1B1A8F3200F52B1E /* UIImage+DropShadow.swift in Sources */ = {isa = PBXBuildFile; fileRef = 94E9761B1B1A8F3200F52B1E /* UIImage+DropShadow.swift */; };
		94ECF2671B94D80600D120A8 /* SwiftyJSON.swift in Sources */ = {isa = PBXBuildFile; fileRef = 94ECF2661B94D80600D120A8 /* SwiftyJSON.swift */; };
		BEF737E1252C84660ACA0912 /* Pods_SwiftRadioUITests.framework in Frameworks */ = {isa = PBXBuildFile; fileRef = 9EC29080B34216A1F10ADFB3 /* Pods_SwiftRadioUITests.framework */; };
		C6BB97EB1E0B515600282D80 /* Extensions.swift in Sources */ = {isa = PBXBuildFile; fileRef = C6BB97EA1E0B515600282D80 /* Extensions.swift */; };
/* End PBXBuildFile section */

/* Begin PBXContainerItemProxy section */
		2C5545BF1C1124DE00728469 /* PBXContainerItemProxy */ = {
			isa = PBXContainerItemProxy;
			containerPortal = 9409E10E1ABF6FE900312E2B /* Project object */;
			proxyType = 1;
			remoteGlobalIDString = 9409E1151ABF6FEA00312E2B;
			remoteInfo = SwiftRadio;
		};
		674EE7C71FA57E020084C256 /* PBXContainerItemProxy */ = {
			isa = PBXContainerItemProxy;
			containerPortal = 9409E10E1ABF6FE900312E2B /* Project object */;
			proxyType = 1;
			remoteGlobalIDString = 9409E1151ABF6FEA00312E2B;
			remoteInfo = SwiftRadio;
		};
/* End PBXContainerItemProxy section */

/* Begin PBXFileReference section */
		15E6185645751A078D553C44 /* Pods-SwiftRadio.release.xcconfig */ = {isa = PBXFileReference; includeInIndex = 1; lastKnownFileType = text.xcconfig; name = "Pods-SwiftRadio.release.xcconfig"; path = "Pods/Target Support Files/Pods-SwiftRadio/Pods-SwiftRadio.release.xcconfig"; sourceTree = "<group>"; };
		2C5545BA1C1124DE00728469 /* SwiftRadioUITests.xctest */ = {isa = PBXFileReference; explicitFileType = wrapper.cfbundle; includeInIndex = 0; path = SwiftRadioUITests.xctest; sourceTree = BUILT_PRODUCTS_DIR; };
		2C5545BC1C1124DE00728469 /* SwiftRadioUITests.swift */ = {isa = PBXFileReference; lastKnownFileType = sourcecode.swift; path = SwiftRadioUITests.swift; sourceTree = "<group>"; };
		2C5545BE1C1124DE00728469 /* Info.plist */ = {isa = PBXFileReference; lastKnownFileType = text.plist.xml; path = Info.plist; sourceTree = "<group>"; };
		3EADA6D1CC2DADA6398F0395 /* Pods-SwiftRadioUITests.debug.xcconfig */ = {isa = PBXFileReference; includeInIndex = 1; lastKnownFileType = text.xcconfig; name = "Pods-SwiftRadioUITests.debug.xcconfig"; path = "Pods/Target Support Files/Pods-SwiftRadioUITests/Pods-SwiftRadioUITests.debug.xcconfig"; sourceTree = "<group>"; };
		57C0D1307BA064D6896FD03B /* Pods-SwiftRadioUITests.release.xcconfig */ = {isa = PBXFileReference; includeInIndex = 1; lastKnownFileType = text.xcconfig; name = "Pods-SwiftRadioUITests.release.xcconfig"; path = "Pods/Target Support Files/Pods-SwiftRadioUITests/Pods-SwiftRadioUITests.release.xcconfig"; sourceTree = "<group>"; };
		670E77DC1FB80779002362CF /* SongRequestingViewController.swift */ = {isa = PBXFileReference; lastKnownFileType = sourcecode.swift; path = SongRequestingViewController.swift; sourceTree = "<group>"; };
		673078AC1FA4E05E009943AE /* YoutubeSearchViewController.swift */ = {isa = PBXFileReference; lastKnownFileType = sourcecode.swift; path = YoutubeSearchViewController.swift; sourceTree = "<group>"; };
		673078AE1FA4ECD1009943AE /* YoutubeSearchTableViewCell.swift */ = {isa = PBXFileReference; lastKnownFileType = sourcecode.swift; path = YoutubeSearchTableViewCell.swift; sourceTree = "<group>"; };
		674EE7BA1FA579EA0084C256 /* YoutubeAPI.swift */ = {isa = PBXFileReference; lastKnownFileType = sourcecode.swift; path = YoutubeAPI.swift; sourceTree = "<group>"; };
		674EE7BC1FA57CA70084C256 /* YoutubeAPITestCase.swift */ = {isa = PBXFileReference; lastKnownFileType = sourcecode.swift; path = YoutubeAPITestCase.swift; sourceTree = "<group>"; };
		674EE7C21FA57E020084C256 /* SwiftRadioTests.xctest */ = {isa = PBXFileReference; explicitFileType = wrapper.cfbundle; includeInIndex = 0; path = SwiftRadioTests.xctest; sourceTree = BUILT_PRODUCTS_DIR; };
		674EE7CC1FA581B30084C256 /* Request.swift */ = {isa = PBXFileReference; lastKnownFileType = sourcecode.swift; path = Request.swift; sourceTree = "<group>"; };
		674EE7CE1FA5C3820084C256 /* YoutubeDetailViewController.swift */ = {isa = PBXFileReference; lastKnownFileType = sourcecode.swift; path = YoutubeDetailViewController.swift; sourceTree = "<group>"; };
		67CAA2DF1FBF251B00E9C2DF /* request_waiting.html */ = {isa = PBXFileReference; fileEncoding = 4; lastKnownFileType = text.html; path = request_waiting.html; sourceTree = "<group>"; };
		67E106611FBF50EA0090D1A0 /* GoogleService-Info.plist */ = {isa = PBXFileReference; fileEncoding = 4; lastKnownFileType = text.plist.xml; name = "GoogleService-Info.plist"; path = "../../../../Downloads/GoogleService-Info.plist"; sourceTree = "<group>"; };
		67E106631FBF50ED0090D1A0 /* GoogleService-Info.plist */ = {isa = PBXFileReference; lastKnownFileType = text.plist.xml; path = "GoogleService-Info.plist"; sourceTree = "<group>"; };
		67EA67BA1FB7EE5E008F1AC8 /* Alamofire.framework */ = {isa = PBXFileReference; explicitFileType = wrapper.framework; path = Alamofire.framework; sourceTree = BUILT_PRODUCTS_DIR; };
		75498EEE299D3340E6262444 /* Pods_SwiftRadio.framework */ = {isa = PBXFileReference; explicitFileType = wrapper.framework; includeInIndex = 0; path = Pods_SwiftRadio.framework; sourceTree = BUILT_PRODUCTS_DIR; };
		9409E1161ABF6FEA00312E2B /* SwiftRadio.app */ = {isa = PBXFileReference; explicitFileType = wrapper.application; includeInIndex = 0; path = SwiftRadio.app; sourceTree = BUILT_PRODUCTS_DIR; };
		9409E11A1ABF6FEA00312E2B /* Info.plist */ = {isa = PBXFileReference; lastKnownFileType = text.plist.xml; path = Info.plist; sourceTree = "<group>"; };
		9409E11B1ABF6FEA00312E2B /* AppDelegate.swift */ = {isa = PBXFileReference; lastKnownFileType = sourcecode.swift; path = AppDelegate.swift; sourceTree = "<group>"; };
		9409E1231ABF6FEA00312E2B /* Base */ = {isa = PBXFileReference; lastKnownFileType = file.storyboard; name = Base; path = Base.lproj/Main.storyboard; sourceTree = "<group>"; };
		9409E1251ABF6FEA00312E2B /* Images.xcassets */ = {isa = PBXFileReference; lastKnownFileType = folder.assetcatalog; path = Images.xcassets; sourceTree = "<group>"; };
		9409E13F1ABF78B000312E2B /* NowPlayingViewController.swift */ = {isa = PBXFileReference; fileEncoding = 4; lastKnownFileType = sourcecode.swift; path = NowPlayingViewController.swift; sourceTree = "<group>"; };
		945DB3C41AD5A6E200495EBB /* NothingFoundCell.xib */ = {isa = PBXFileReference; fileEncoding = 4; lastKnownFileType = file.xib; path = NothingFoundCell.xib; sourceTree = "<group>"; };
		949BBB3F1ACC9DEE005B7C26 /* DataManager.swift */ = {isa = PBXFileReference; fileEncoding = 4; lastKnownFileType = sourcecode.swift; path = DataManager.swift; sourceTree = "<group>"; };
		949E5EAF1ACB340200AB6280 /* UIImageView+Download.swift */ = {isa = PBXFileReference; fileEncoding = 4; lastKnownFileType = sourcecode.swift; path = "UIImageView+Download.swift"; sourceTree = "<group>"; };
		94D260951B45E3FA00DE671C /* AnimationFrames.swift */ = {isa = PBXFileReference; fileEncoding = 4; lastKnownFileType = sourcecode.swift; path = AnimationFrames.swift; sourceTree = "<group>"; };
		94DB0A721B98B762005ED993 /* AsyncButton.swift */ = {isa = PBXFileReference; fileEncoding = 4; lastKnownFileType = sourcecode.swift; path = AsyncButton.swift; sourceTree = "<group>"; };
		94DB0A731B98B762005ED993 /* AsyncImageView.swift */ = {isa = PBXFileReference; fileEncoding = 4; lastKnownFileType = sourcecode.swift; path = AsyncImageView.swift; sourceTree = "<group>"; };
		94DB0A741B98B762005ED993 /* AutoTextView.swift */ = {isa = PBXFileReference; fileEncoding = 4; lastKnownFileType = sourcecode.swift; path = AutoTextView.swift; sourceTree = "<group>"; };
		94DB0A751B98B762005ED993 /* BlurView.swift */ = {isa = PBXFileReference; fileEncoding = 4; lastKnownFileType = sourcecode.swift; path = BlurView.swift; sourceTree = "<group>"; };
		94DB0A761B98B762005ED993 /* DesignableButton.swift */ = {isa = PBXFileReference; fileEncoding = 4; lastKnownFileType = sourcecode.swift; path = DesignableButton.swift; sourceTree = "<group>"; };
		94DB0A771B98B762005ED993 /* DesignableImageView.swift */ = {isa = PBXFileReference; fileEncoding = 4; lastKnownFileType = sourcecode.swift; path = DesignableImageView.swift; sourceTree = "<group>"; };
		94DB0A781B98B762005ED993 /* DesignableLabel.swift */ = {isa = PBXFileReference; fileEncoding = 4; lastKnownFileType = sourcecode.swift; path = DesignableLabel.swift; sourceTree = "<group>"; };
		94DB0A791B98B762005ED993 /* DesignableTabBarController.swift */ = {isa = PBXFileReference; fileEncoding = 4; lastKnownFileType = sourcecode.swift; path = DesignableTabBarController.swift; sourceTree = "<group>"; };
		94DB0A7A1B98B762005ED993 /* DesignableTextField.swift */ = {isa = PBXFileReference; fileEncoding = 4; lastKnownFileType = sourcecode.swift; path = DesignableTextField.swift; sourceTree = "<group>"; };
		94DB0A7B1B98B762005ED993 /* DesignableTextView.swift */ = {isa = PBXFileReference; fileEncoding = 4; lastKnownFileType = sourcecode.swift; path = DesignableTextView.swift; sourceTree = "<group>"; };
		94DB0A7C1B98B762005ED993 /* DesignableView.swift */ = {isa = PBXFileReference; fileEncoding = 4; lastKnownFileType = sourcecode.swift; path = DesignableView.swift; sourceTree = "<group>"; };
		94DB0A7D1B98B762005ED993 /* ImageLoader.swift */ = {isa = PBXFileReference; fileEncoding = 4; lastKnownFileType = sourcecode.swift; path = ImageLoader.swift; sourceTree = "<group>"; };
		94DB0A7E1B98B762005ED993 /* Info.plist */ = {isa = PBXFileReference; fileEncoding = 4; lastKnownFileType = text.plist.xml; path = Info.plist; sourceTree = "<group>"; };
		94DB0A7F1B98B762005ED993 /* KeyboardLayoutConstraint.swift */ = {isa = PBXFileReference; fileEncoding = 4; lastKnownFileType = sourcecode.swift; path = KeyboardLayoutConstraint.swift; sourceTree = "<group>"; };
		94DB0A801B98B762005ED993 /* LoadingView.swift */ = {isa = PBXFileReference; fileEncoding = 4; lastKnownFileType = sourcecode.swift; path = LoadingView.swift; sourceTree = "<group>"; };
		94DB0A811B98B762005ED993 /* LoadingView.xib */ = {isa = PBXFileReference; fileEncoding = 4; lastKnownFileType = file.xib; path = LoadingView.xib; sourceTree = "<group>"; };
		94DB0A821B98B762005ED993 /* Misc.swift */ = {isa = PBXFileReference; fileEncoding = 4; lastKnownFileType = sourcecode.swift; path = Misc.swift; sourceTree = "<group>"; };
		94DB0A831B98B762005ED993 /* SoundPlayer.swift */ = {isa = PBXFileReference; fileEncoding = 4; lastKnownFileType = sourcecode.swift; path = SoundPlayer.swift; sourceTree = "<group>"; };
		94DB0A841B98B762005ED993 /* Spring.h */ = {isa = PBXFileReference; fileEncoding = 4; lastKnownFileType = sourcecode.c.h; path = Spring.h; sourceTree = "<group>"; };
		94DB0A851B98B762005ED993 /* Spring.swift */ = {isa = PBXFileReference; fileEncoding = 4; lastKnownFileType = sourcecode.swift; path = Spring.swift; sourceTree = "<group>"; };
		94DB0A861B98B762005ED993 /* SpringAnimation.swift */ = {isa = PBXFileReference; fileEncoding = 4; lastKnownFileType = sourcecode.swift; path = SpringAnimation.swift; sourceTree = "<group>"; };
		94DB0A871B98B762005ED993 /* SpringButton.swift */ = {isa = PBXFileReference; fileEncoding = 4; lastKnownFileType = sourcecode.swift; path = SpringButton.swift; sourceTree = "<group>"; };
		94DB0A881B98B762005ED993 /* SpringImageView.swift */ = {isa = PBXFileReference; fileEncoding = 4; lastKnownFileType = sourcecode.swift; path = SpringImageView.swift; sourceTree = "<group>"; };
		94DB0A891B98B762005ED993 /* SpringLabel.swift */ = {isa = PBXFileReference; fileEncoding = 4; lastKnownFileType = sourcecode.swift; path = SpringLabel.swift; sourceTree = "<group>"; };
		94DB0A8A1B98B762005ED993 /* SpringTextField.swift */ = {isa = PBXFileReference; fileEncoding = 4; lastKnownFileType = sourcecode.swift; path = SpringTextField.swift; sourceTree = "<group>"; };
		94DB0A8B1B98B762005ED993 /* SpringTextView.swift */ = {isa = PBXFileReference; fileEncoding = 4; lastKnownFileType = sourcecode.swift; path = SpringTextView.swift; sourceTree = "<group>"; };
		94DB0A8C1B98B762005ED993 /* SpringView.swift */ = {isa = PBXFileReference; fileEncoding = 4; lastKnownFileType = sourcecode.swift; path = SpringView.swift; sourceTree = "<group>"; };
		94DB0A8D1B98B762005ED993 /* TransitionManager.swift */ = {isa = PBXFileReference; fileEncoding = 4; lastKnownFileType = sourcecode.swift; path = TransitionManager.swift; sourceTree = "<group>"; };
		94DB0A8E1B98B762005ED993 /* TransitionZoom.swift */ = {isa = PBXFileReference; fileEncoding = 4; lastKnownFileType = sourcecode.swift; path = TransitionZoom.swift; sourceTree = "<group>"; };
		94DB0A8F1B98B762005ED993 /* UnwindSegue.swift */ = {isa = PBXFileReference; fileEncoding = 4; lastKnownFileType = sourcecode.swift; path = UnwindSegue.swift; sourceTree = "<group>"; };
		94E9761B1B1A8F3200F52B1E /* UIImage+DropShadow.swift */ = {isa = PBXFileReference; fileEncoding = 4; lastKnownFileType = sourcecode.swift; path = "UIImage+DropShadow.swift"; sourceTree = "<group>"; };
		94ECF2661B94D80600D120A8 /* SwiftyJSON.swift */ = {isa = PBXFileReference; fileEncoding = 4; lastKnownFileType = sourcecode.swift; name = SwiftyJSON.swift; path = SwiftRadio/Libraries/SwiftyJSON.swift; sourceTree = SOURCE_ROOT; };
		9EC29080B34216A1F10ADFB3 /* Pods_SwiftRadioUITests.framework */ = {isa = PBXFileReference; explicitFileType = wrapper.framework; includeInIndex = 0; path = Pods_SwiftRadioUITests.framework; sourceTree = BUILT_PRODUCTS_DIR; };
		B90086461BBE40AF00E5372C /* MediaPlayer.framework */ = {isa = PBXFileReference; lastKnownFileType = wrapper.framework; name = MediaPlayer.framework; path = System/Library/Frameworks/MediaPlayer.framework; sourceTree = SDKROOT; };
		C6BB97EA1E0B515600282D80 /* Extensions.swift */ = {isa = PBXFileReference; fileEncoding = 4; lastKnownFileType = sourcecode.swift; path = Extensions.swift; sourceTree = "<group>"; };
		F13CDADC3D752BFEEE146DDF /* Pods-SwiftRadio.debug.xcconfig */ = {isa = PBXFileReference; includeInIndex = 1; lastKnownFileType = text.xcconfig; name = "Pods-SwiftRadio.debug.xcconfig"; path = "Pods/Target Support Files/Pods-SwiftRadio/Pods-SwiftRadio.debug.xcconfig"; sourceTree = "<group>"; };
/* End PBXFileReference section */

/* Begin PBXFrameworksBuildPhase section */
		2C5545B71C1124DE00728469 /* Frameworks */ = {
			isa = PBXFrameworksBuildPhase;
			buildActionMask = 2147483647;
			files = (
				BEF737E1252C84660ACA0912 /* Pods_SwiftRadioUITests.framework in Frameworks */,
			);
			runOnlyForDeploymentPostprocessing = 0;
		};
		674EE7BF1FA57E020084C256 /* Frameworks */ = {
			isa = PBXFrameworksBuildPhase;
			buildActionMask = 2147483647;
			files = (
			);
			runOnlyForDeploymentPostprocessing = 0;
		};
		9409E1131ABF6FEA00312E2B /* Frameworks */ = {
			isa = PBXFrameworksBuildPhase;
			buildActionMask = 2147483647;
			files = (
				1BEE0C17B84C003547A59B22 /* Pods_SwiftRadio.framework in Frameworks */,
			);
			runOnlyForDeploymentPostprocessing = 0;
		};
/* End PBXFrameworksBuildPhase section */

/* Begin PBXGroup section */
		2C5545BB1C1124DE00728469 /* SwiftRadioUITests */ = {
			isa = PBXGroup;
			children = (
				2C5545BC1C1124DE00728469 /* SwiftRadioUITests.swift */,
				2C5545BE1C1124DE00728469 /* Info.plist */,
				674EE7BC1FA57CA70084C256 /* YoutubeAPITestCase.swift */,
			);
			path = SwiftRadioUITests;
			sourceTree = "<group>";
		};
		5B4711D65A4ADAEA6198F812 /* Frameworks */ = {
			isa = PBXGroup;
			children = (
				67EA67BA1FB7EE5E008F1AC8 /* Alamofire.framework */,
				75498EEE299D3340E6262444 /* Pods_SwiftRadio.framework */,
				9EC29080B34216A1F10ADFB3 /* Pods_SwiftRadioUITests.framework */,
			);
			name = Frameworks;
			sourceTree = "<group>";
		};
		9409E10D1ABF6FE900312E2B = {
			isa = PBXGroup;
			children = (
				949BBB411ACCA2B6005B7C26 /* Libraries */,
				9409E1181ABF6FEA00312E2B /* SwiftRadio */,
				67E106631FBF50ED0090D1A0 /* GoogleService-Info.plist */,
				2C5545BB1C1124DE00728469 /* SwiftRadioUITests */,
				9409E1171ABF6FEA00312E2B /* Products */,
				F8ACFB5DCDEDDB63FC4583C6 /* Pods */,
				5B4711D65A4ADAEA6198F812 /* Frameworks */,
			);
			sourceTree = "<group>";
		};
		9409E1171ABF6FEA00312E2B /* Products */ = {
			isa = PBXGroup;
			children = (
				9409E1161ABF6FEA00312E2B /* SwiftRadio.app */,
				2C5545BA1C1124DE00728469 /* SwiftRadioUITests.xctest */,
				674EE7C21FA57E020084C256 /* SwiftRadioTests.xctest */,
			);
			name = Products;
			sourceTree = "<group>";
		};
		9409E1181ABF6FEA00312E2B /* SwiftRadio */ = {
			isa = PBXGroup;
			children = (
				67E106611FBF50EA0090D1A0 /* GoogleService-Info.plist */,
				94D260941B45E0BA00DE671C /* UI Helpers */,
				94E976191B1A8BFB00F52B1E /* Model */,
				94823F861B5576F4004EC711 /* Data */,
				94AC70AF1AD05C7400652982 /* Networking */,
				94D2608F1B45D11800DE671C /* Cells */,
				94D2608E1B45D0F800DE671C /* ViewControllers */,
				9409E11B1ABF6FEA00312E2B /* AppDelegate.swift */,
				C6BB97EA1E0B515600282D80 /* Extensions.swift */,
				9409E1221ABF6FEA00312E2B /* Main.storyboard */,
				9409E1251ABF6FEA00312E2B /* Images.xcassets */,
				9409E1191ABF6FEA00312E2B /* Supporting Files */,
			);
			path = SwiftRadio;
			sourceTree = "<group>";
		};
		9409E1191ABF6FEA00312E2B /* Supporting Files */ = {
			isa = PBXGroup;
			children = (
				67CAA2DF1FBF251B00E9C2DF /* request_waiting.html */,
				B90086461BBE40AF00E5372C /* MediaPlayer.framework */,
				9409E11A1ABF6FEA00312E2B /* Info.plist */,
			);
			name = "Supporting Files";
			sourceTree = "<group>";
		};
		94823F861B5576F4004EC711 /* Data */ = {
			isa = PBXGroup;
			children = (
			);
			name = Data;
			sourceTree = "<group>";
		};
		949BBB411ACCA2B6005B7C26 /* Libraries */ = {
			isa = PBXGroup;
			children = (
				94ECF2661B94D80600D120A8 /* SwiftyJSON.swift */,
				94DB0A711B98B762005ED993 /* Spring */,
			);
			name = Libraries;
			path = SwiftRadio/Libraries;
			sourceTree = "<group>";
		};
		94AC70AF1AD05C7400652982 /* Networking */ = {
			isa = PBXGroup;
			children = (
				949BBB3F1ACC9DEE005B7C26 /* DataManager.swift */,
				674EE7BA1FA579EA0084C256 /* YoutubeAPI.swift */,
				674EE7CC1FA581B30084C256 /* Request.swift */,
			);
			name = Networking;
			sourceTree = "<group>";
		};
		94D2608E1B45D0F800DE671C /* ViewControllers */ = {
			isa = PBXGroup;
			children = (
				9409E13F1ABF78B000312E2B /* NowPlayingViewController.swift */,
				673078AC1FA4E05E009943AE /* YoutubeSearchViewController.swift */,
				674EE7CE1FA5C3820084C256 /* YoutubeDetailViewController.swift */,
				670E77DC1FB80779002362CF /* SongRequestingViewController.swift */,
			);
			name = ViewControllers;
			sourceTree = "<group>";
		};
		94D2608F1B45D11800DE671C /* Cells */ = {
			isa = PBXGroup;
			children = (
				945DB3C41AD5A6E200495EBB /* NothingFoundCell.xib */,
				673078AE1FA4ECD1009943AE /* YoutubeSearchTableViewCell.swift */,
			);
			name = Cells;
			sourceTree = "<group>";
		};
		94D260941B45E0BA00DE671C /* UI Helpers */ = {
			isa = PBXGroup;
			children = (
				94D260951B45E3FA00DE671C /* AnimationFrames.swift */,
				949E5EAF1ACB340200AB6280 /* UIImageView+Download.swift */,
				94E9761B1B1A8F3200F52B1E /* UIImage+DropShadow.swift */,
			);
			name = "UI Helpers";
			sourceTree = "<group>";
		};
		94DB0A711B98B762005ED993 /* Spring */ = {
			isa = PBXGroup;
			children = (
				94DB0A721B98B762005ED993 /* AsyncButton.swift */,
				94DB0A731B98B762005ED993 /* AsyncImageView.swift */,
				94DB0A741B98B762005ED993 /* AutoTextView.swift */,
				94DB0A751B98B762005ED993 /* BlurView.swift */,
				94DB0A761B98B762005ED993 /* DesignableButton.swift */,
				94DB0A771B98B762005ED993 /* DesignableImageView.swift */,
				94DB0A781B98B762005ED993 /* DesignableLabel.swift */,
				94DB0A791B98B762005ED993 /* DesignableTabBarController.swift */,
				94DB0A7A1B98B762005ED993 /* DesignableTextField.swift */,
				94DB0A7B1B98B762005ED993 /* DesignableTextView.swift */,
				94DB0A7C1B98B762005ED993 /* DesignableView.swift */,
				94DB0A7D1B98B762005ED993 /* ImageLoader.swift */,
				94DB0A7E1B98B762005ED993 /* Info.plist */,
				94DB0A7F1B98B762005ED993 /* KeyboardLayoutConstraint.swift */,
				94DB0A801B98B762005ED993 /* LoadingView.swift */,
				94DB0A811B98B762005ED993 /* LoadingView.xib */,
				94DB0A821B98B762005ED993 /* Misc.swift */,
				94DB0A831B98B762005ED993 /* SoundPlayer.swift */,
				94DB0A841B98B762005ED993 /* Spring.h */,
				94DB0A851B98B762005ED993 /* Spring.swift */,
				94DB0A861B98B762005ED993 /* SpringAnimation.swift */,
				94DB0A871B98B762005ED993 /* SpringButton.swift */,
				94DB0A881B98B762005ED993 /* SpringImageView.swift */,
				94DB0A891B98B762005ED993 /* SpringLabel.swift */,
				94DB0A8A1B98B762005ED993 /* SpringTextField.swift */,
				94DB0A8B1B98B762005ED993 /* SpringTextView.swift */,
				94DB0A8C1B98B762005ED993 /* SpringView.swift */,
				94DB0A8D1B98B762005ED993 /* TransitionManager.swift */,
				94DB0A8E1B98B762005ED993 /* TransitionZoom.swift */,
				94DB0A8F1B98B762005ED993 /* UnwindSegue.swift */,
			);
			name = Spring;
			path = SwiftRadio/Libraries/Spring;
			sourceTree = SOURCE_ROOT;
		};
		94E976191B1A8BFB00F52B1E /* Model */ = {
			isa = PBXGroup;
			children = (
			);
			name = Model;
			sourceTree = "<group>";
		};
		F8ACFB5DCDEDDB63FC4583C6 /* Pods */ = {
			isa = PBXGroup;
			children = (
				F13CDADC3D752BFEEE146DDF /* Pods-SwiftRadio.debug.xcconfig */,
				15E6185645751A078D553C44 /* Pods-SwiftRadio.release.xcconfig */,
				3EADA6D1CC2DADA6398F0395 /* Pods-SwiftRadioUITests.debug.xcconfig */,
				57C0D1307BA064D6896FD03B /* Pods-SwiftRadioUITests.release.xcconfig */,
			);
			name = Pods;
			sourceTree = "<group>";
		};
/* End PBXGroup section */

/* Begin PBXNativeTarget section */
		2C5545B91C1124DE00728469 /* SwiftRadioUITests */ = {
			isa = PBXNativeTarget;
			buildConfigurationList = 2C5545C31C1124DE00728469 /* Build configuration list for PBXNativeTarget "SwiftRadioUITests" */;
			buildPhases = (
				2829187C768BB0A8FD8A2893 /* [CP] Check Pods Manifest.lock */,
				2C5545B61C1124DE00728469 /* Sources */,
				2C5545B71C1124DE00728469 /* Frameworks */,
				2C5545B81C1124DE00728469 /* Resources */,
				EAF538B25D4535382FC5EE13 /* [CP] Embed Pods Frameworks */,
				7A2A62E014131F68E1069A94 /* [CP] Copy Pods Resources */,
			);
			buildRules = (
			);
			dependencies = (
				2C5545C01C1124DE00728469 /* PBXTargetDependency */,
			);
			name = SwiftRadioUITests;
			productName = SwiftRadioUITests;
			productReference = 2C5545BA1C1124DE00728469 /* SwiftRadioUITests.xctest */;
			productType = "com.apple.product-type.bundle.ui-testing";
		};
		674EE7C11FA57E020084C256 /* SwiftRadioTests */ = {
			isa = PBXNativeTarget;
			buildConfigurationList = 674EE7C91FA57E020084C256 /* Build configuration list for PBXNativeTarget "SwiftRadioTests" */;
			buildPhases = (
				674EE7BE1FA57E020084C256 /* Sources */,
				674EE7BF1FA57E020084C256 /* Frameworks */,
				674EE7C01FA57E020084C256 /* Resources */,
			);
			buildRules = (
			);
			dependencies = (
				674EE7C81FA57E020084C256 /* PBXTargetDependency */,
			);
			name = SwiftRadioTests;
			productName = SwiftRadioTests;
			productReference = 674EE7C21FA57E020084C256 /* SwiftRadioTests.xctest */;
			productType = "com.apple.product-type.bundle.unit-test";
		};
		9409E1151ABF6FEA00312E2B /* SwiftRadio */ = {
			isa = PBXNativeTarget;
			buildConfigurationList = 9409E1381ABF6FEA00312E2B /* Build configuration list for PBXNativeTarget "SwiftRadio" */;
			buildPhases = (
				7731E5DFE5D734534205A32E /* [CP] Check Pods Manifest.lock */,
				9409E1121ABF6FEA00312E2B /* Sources */,
				9409E1131ABF6FEA00312E2B /* Frameworks */,
				9409E1141ABF6FEA00312E2B /* Resources */,
				A697A79B2A9AE61199DAC5EA /* [CP] Embed Pods Frameworks */,
				2253720BCFDB370DDF65AD62 /* [CP] Copy Pods Resources */,
			);
			buildRules = (
			);
			dependencies = (
			);
			name = SwiftRadio;
			productName = RadioPro;
			productReference = 9409E1161ABF6FEA00312E2B /* SwiftRadio.app */;
			productType = "com.apple.product-type.application";
		};
/* End PBXNativeTarget section */

/* Begin PBXProject section */
		9409E10E1ABF6FE900312E2B /* Project object */ = {
			isa = PBXProject;
			attributes = {
				LastSwiftMigration = 0700;
				LastSwiftUpdateCheck = 0900;
				LastUpgradeCheck = 0900;
				ORGANIZATIONNAME = CodeMarket.io;
				TargetAttributes = {
					2C5545B91C1124DE00728469 = {
						CreatedOnToolsVersion = 7.1;
						LastSwiftMigration = 0900;
						TestTargetID = 9409E1151ABF6FEA00312E2B;
					};
					674EE7C11FA57E020084C256 = {
						CreatedOnToolsVersion = 9.0.1;
						DevelopmentTeam = 39M6848BR5;
						ProvisioningStyle = Automatic;
						TestTargetID = 9409E1151ABF6FEA00312E2B;
					};
					9409E1151ABF6FEA00312E2B = {
						CreatedOnToolsVersion = 6.2;
						DevelopmentTeam = 39M6848BR5;
						LastSwiftMigration = 0900;
						SystemCapabilities = {
							com.apple.BackgroundModes = {
								enabled = 1;
							};
						};
					};
				};
			};
			buildConfigurationList = 9409E1111ABF6FE900312E2B /* Build configuration list for PBXProject "SwiftRadio" */;
			compatibilityVersion = "Xcode 3.2";
			developmentRegion = English;
			hasScannedForEncodings = 0;
			knownRegions = (
				en,
				Base,
			);
			mainGroup = 9409E10D1ABF6FE900312E2B;
			productRefGroup = 9409E1171ABF6FEA00312E2B /* Products */;
			projectDirPath = "";
			projectRoot = "";
			targets = (
				9409E1151ABF6FEA00312E2B /* SwiftRadio */,
				2C5545B91C1124DE00728469 /* SwiftRadioUITests */,
				674EE7C11FA57E020084C256 /* SwiftRadioTests */,
			);
		};
/* End PBXProject section */

/* Begin PBXResourcesBuildPhase section */
		2C5545B81C1124DE00728469 /* Resources */ = {
			isa = PBXResourcesBuildPhase;
			buildActionMask = 2147483647;
			files = (
			);
			runOnlyForDeploymentPostprocessing = 0;
		};
		674EE7C01FA57E020084C256 /* Resources */ = {
			isa = PBXResourcesBuildPhase;
			buildActionMask = 2147483647;
			files = (
			);
			runOnlyForDeploymentPostprocessing = 0;
		};
		9409E1141ABF6FEA00312E2B /* Resources */ = {
			isa = PBXResourcesBuildPhase;
			buildActionMask = 2147483647;
			files = (
				67CAA2E01FBF251B00E9C2DF /* request_waiting.html in Resources */,
				9409E1241ABF6FEA00312E2B /* Main.storyboard in Resources */,
				945DB3C51AD5A6E200495EBB /* NothingFoundCell.xib in Resources */,
				94DB0A9F1B98B762005ED993 /* LoadingView.xib in Resources */,
				94DB0A9C1B98B762005ED993 /* Info.plist in Resources */,
				9409E1261ABF6FEA00312E2B /* Images.xcassets in Resources */,
				67E106621FBF50EA0090D1A0 /* GoogleService-Info.plist in Resources */,
			);
			runOnlyForDeploymentPostprocessing = 0;
		};
/* End PBXResourcesBuildPhase section */

/* Begin PBXShellScriptBuildPhase section */
		2253720BCFDB370DDF65AD62 /* [CP] Copy Pods Resources */ = {
			isa = PBXShellScriptBuildPhase;
			buildActionMask = 12;
			files = (
			);
			inputPaths = (
			);
			name = "[CP] Copy Pods Resources";
			outputPaths = (
			);
			runOnlyForDeploymentPostprocessing = 0;
			shellPath = /bin/sh;
			shellScript = "\"${SRCROOT}/Pods/Target Support Files/Pods-SwiftRadio/Pods-SwiftRadio-resources.sh\"\n";
			showEnvVarsInLog = 0;
		};
		2829187C768BB0A8FD8A2893 /* [CP] Check Pods Manifest.lock */ = {
			isa = PBXShellScriptBuildPhase;
			buildActionMask = 2147483647;
			files = (
			);
			inputPaths = (
				"${PODS_PODFILE_DIR_PATH}/Podfile.lock",
				"${PODS_ROOT}/Manifest.lock",
			);
			name = "[CP] Check Pods Manifest.lock";
			outputPaths = (
				"$(DERIVED_FILE_DIR)/Pods-SwiftRadioUITests-checkManifestLockResult.txt",
			);
			runOnlyForDeploymentPostprocessing = 0;
			shellPath = /bin/sh;
			shellScript = "diff \"${PODS_PODFILE_DIR_PATH}/Podfile.lock\" \"${PODS_ROOT}/Manifest.lock\" > /dev/null\nif [ $? != 0 ] ; then\n    # print error to STDERR\n    echo \"error: The sandbox is not in sync with the Podfile.lock. Run 'pod install' or update your CocoaPods installation.\" >&2\n    exit 1\nfi\n# This output is used by Xcode 'outputs' to avoid re-running this script phase.\necho \"SUCCESS\" > \"${SCRIPT_OUTPUT_FILE_0}\"\n";
			showEnvVarsInLog = 0;
		};
		7731E5DFE5D734534205A32E /* [CP] Check Pods Manifest.lock */ = {
			isa = PBXShellScriptBuildPhase;
			buildActionMask = 12;
			files = (
			);
			inputPaths = (
				"${PODS_PODFILE_DIR_PATH}/Podfile.lock",
				"${PODS_ROOT}/Manifest.lock",
			);
			name = "[CP] Check Pods Manifest.lock";
			outputPaths = (
				"$(DERIVED_FILE_DIR)/Pods-SwiftRadio-checkManifestLockResult.txt",
			);
			runOnlyForDeploymentPostprocessing = 0;
			shellPath = /bin/sh;
			shellScript = "diff \"${PODS_PODFILE_DIR_PATH}/Podfile.lock\" \"${PODS_ROOT}/Manifest.lock\" > /dev/null\nif [ $? != 0 ] ; then\n    # print error to STDERR\n    echo \"error: The sandbox is not in sync with the Podfile.lock. Run 'pod install' or update your CocoaPods installation.\" >&2\n    exit 1\nfi\n# This output is used by Xcode 'outputs' to avoid re-running this script phase.\necho \"SUCCESS\" > \"${SCRIPT_OUTPUT_FILE_0}\"\n";
			showEnvVarsInLog = 0;
		};
		7A2A62E014131F68E1069A94 /* [CP] Copy Pods Resources */ = {
			isa = PBXShellScriptBuildPhase;
			buildActionMask = 2147483647;
			files = (
			);
			inputPaths = (
			);
			name = "[CP] Copy Pods Resources";
			outputPaths = (
			);
			runOnlyForDeploymentPostprocessing = 0;
			shellPath = /bin/sh;
			shellScript = "\"${SRCROOT}/Pods/Target Support Files/Pods-SwiftRadioUITests/Pods-SwiftRadioUITests-resources.sh\"\n";
			showEnvVarsInLog = 0;
		};
		A697A79B2A9AE61199DAC5EA /* [CP] Embed Pods Frameworks */ = {
			isa = PBXShellScriptBuildPhase;
			buildActionMask = 12;
			files = (
			);
			inputPaths = (
				"${SRCROOT}/Pods/Target Support Files/Pods-SwiftRadio/Pods-SwiftRadio-frameworks.sh",
				"${BUILT_PRODUCTS_DIR}/Alamofire/Alamofire.framework",
				"${BUILT_PRODUCTS_DIR}/GoogleToolboxForMac/GoogleToolboxForMac.framework",
				"${BUILT_PRODUCTS_DIR}/MarqueeLabel/MarqueeLabel.framework",
				"${BUILT_PRODUCTS_DIR}/NotificationBannerSwift/NotificationBannerSwift.framework",
				"${BUILT_PRODUCTS_DIR}/SnapKit/SnapKit.framework",
				"${BUILT_PRODUCTS_DIR}/leveldb-library/leveldb.framework",
				"${BUILT_PRODUCTS_DIR}/nanopb/nanopb.framework",
			);
			name = "[CP] Embed Pods Frameworks";
			outputPaths = (
				"${TARGET_BUILD_DIR}/${FRAMEWORKS_FOLDER_PATH}/Alamofire.framework",
				"${TARGET_BUILD_DIR}/${FRAMEWORKS_FOLDER_PATH}/GoogleToolboxForMac.framework",
				"${TARGET_BUILD_DIR}/${FRAMEWORKS_FOLDER_PATH}/MarqueeLabel.framework",
				"${TARGET_BUILD_DIR}/${FRAMEWORKS_FOLDER_PATH}/NotificationBannerSwift.framework",
				"${TARGET_BUILD_DIR}/${FRAMEWORKS_FOLDER_PATH}/SnapKit.framework",
				"${TARGET_BUILD_DIR}/${FRAMEWORKS_FOLDER_PATH}/leveldb.framework",
				"${TARGET_BUILD_DIR}/${FRAMEWORKS_FOLDER_PATH}/nanopb.framework",
			);
			runOnlyForDeploymentPostprocessing = 0;
			shellPath = /bin/sh;
			shellScript = "\"${SRCROOT}/Pods/Target Support Files/Pods-SwiftRadio/Pods-SwiftRadio-frameworks.sh\"\n";
			showEnvVarsInLog = 0;
		};
		EAF538B25D4535382FC5EE13 /* [CP] Embed Pods Frameworks */ = {
			isa = PBXShellScriptBuildPhase;
			buildActionMask = 2147483647;
			files = (
			);
			inputPaths = (
				"${SRCROOT}/Pods/Target Support Files/Pods-SwiftRadioUITests/Pods-SwiftRadioUITests-frameworks.sh",
				"${BUILT_PRODUCTS_DIR}/Alamofire/Alamofire.framework",
			);
			name = "[CP] Embed Pods Frameworks";
			outputPaths = (
				"${TARGET_BUILD_DIR}/${FRAMEWORKS_FOLDER_PATH}/Alamofire.framework",
			);
			runOnlyForDeploymentPostprocessing = 0;
			shellPath = /bin/sh;
			shellScript = "\"${SRCROOT}/Pods/Target Support Files/Pods-SwiftRadioUITests/Pods-SwiftRadioUITests-frameworks.sh\"\n";
			showEnvVarsInLog = 0;
		};
/* End PBXShellScriptBuildPhase section */

/* Begin PBXSourcesBuildPhase section */
		2C5545B61C1124DE00728469 /* Sources */ = {
			isa = PBXSourcesBuildPhase;
			buildActionMask = 2147483647;
			files = (
				674EE7BD1FA57CA70084C256 /* YoutubeAPITestCase.swift in Sources */,
				2C5545BD1C1124DE00728469 /* SwiftRadioUITests.swift in Sources */,
			);
			runOnlyForDeploymentPostprocessing = 0;
		};
		674EE7BE1FA57E020084C256 /* Sources */ = {
			isa = PBXSourcesBuildPhase;
			buildActionMask = 2147483647;
			files = (
			);
			runOnlyForDeploymentPostprocessing = 0;
		};
		9409E1121ABF6FEA00312E2B /* Sources */ = {
			isa = PBXSourcesBuildPhase;
			buildActionMask = 2147483647;
			files = (
				94DB0AA01B98B762005ED993 /* Misc.swift in Sources */,
				94DB0AA31B98B762005ED993 /* SpringAnimation.swift in Sources */,
				94DB0A961B98B762005ED993 /* DesignableLabel.swift in Sources */,
				94DB0AA11B98B762005ED993 /* SoundPlayer.swift in Sources */,
				670E77DD1FB80779002362CF /* SongRequestingViewController.swift in Sources */,
				94DB0A9D1B98B762005ED993 /* KeyboardLayoutConstraint.swift in Sources */,
				94DB0AA51B98B762005ED993 /* SpringImageView.swift in Sources */,
				949E5EB01ACB340200AB6280 /* UIImageView+Download.swift in Sources */,
				673078AF1FA4ECD1009943AE /* YoutubeSearchTableViewCell.swift in Sources */,
				94DB0A981B98B762005ED993 /* DesignableTextField.swift in Sources */,
				674EE7CF1FA5C3820084C256 /* YoutubeDetailViewController.swift in Sources */,
				94DB0A941B98B762005ED993 /* DesignableButton.swift in Sources */,
				C6BB97EB1E0B515600282D80 /* Extensions.swift in Sources */,
				94DB0AA61B98B762005ED993 /* SpringLabel.swift in Sources */,
				94DB0A901B98B762005ED993 /* AsyncButton.swift in Sources */,
				9409E1401ABF78B000312E2B /* NowPlayingViewController.swift in Sources */,
				94DB0A911B98B762005ED993 /* AsyncImageView.swift in Sources */,
				674EE7BB1FA579EA0084C256 /* YoutubeAPI.swift in Sources */,
				949BBB401ACC9DEE005B7C26 /* DataManager.swift in Sources */,
				94DB0A971B98B762005ED993 /* DesignableTabBarController.swift in Sources */,
				94E9761C1B1A8F3200F52B1E /* UIImage+DropShadow.swift in Sources */,
				94DB0AAA1B98B762005ED993 /* TransitionManager.swift in Sources */,
				94DB0A9B1B98B762005ED993 /* ImageLoader.swift in Sources */,
				674EE7CD1FA581B30084C256 /* Request.swift in Sources */,
				94DB0A951B98B762005ED993 /* DesignableImageView.swift in Sources */,
				94DB0A921B98B762005ED993 /* AutoTextView.swift in Sources */,
				94DB0AA91B98B762005ED993 /* SpringView.swift in Sources */,
				94DB0AAB1B98B762005ED993 /* TransitionZoom.swift in Sources */,
				9409E11C1ABF6FEA00312E2B /* AppDelegate.swift in Sources */,
				673078AD1FA4E05E009943AE /* YoutubeSearchViewController.swift in Sources */,
				94ECF2671B94D80600D120A8 /* SwiftyJSON.swift in Sources */,
				94D260961B45E3FA00DE671C /* AnimationFrames.swift in Sources */,
				94DB0A9E1B98B762005ED993 /* LoadingView.swift in Sources */,
				94DB0AA41B98B762005ED993 /* SpringButton.swift in Sources */,
				94DB0A931B98B762005ED993 /* BlurView.swift in Sources */,
				94DB0AA71B98B762005ED993 /* SpringTextField.swift in Sources */,
				94DB0AAC1B98B762005ED993 /* UnwindSegue.swift in Sources */,
				94DB0AA81B98B762005ED993 /* SpringTextView.swift in Sources */,
				94DB0A991B98B762005ED993 /* DesignableTextView.swift in Sources */,
				94DB0AA21B98B762005ED993 /* Spring.swift in Sources */,
				94DB0A9A1B98B762005ED993 /* DesignableView.swift in Sources */,
			);
			runOnlyForDeploymentPostprocessing = 0;
		};
/* End PBXSourcesBuildPhase section */

/* Begin PBXTargetDependency section */
		2C5545C01C1124DE00728469 /* PBXTargetDependency */ = {
			isa = PBXTargetDependency;
			target = 9409E1151ABF6FEA00312E2B /* SwiftRadio */;
			targetProxy = 2C5545BF1C1124DE00728469 /* PBXContainerItemProxy */;
		};
		674EE7C81FA57E020084C256 /* PBXTargetDependency */ = {
			isa = PBXTargetDependency;
			target = 9409E1151ABF6FEA00312E2B /* SwiftRadio */;
			targetProxy = 674EE7C71FA57E020084C256 /* PBXContainerItemProxy */;
		};
/* End PBXTargetDependency section */

/* Begin PBXVariantGroup section */
		9409E1221ABF6FEA00312E2B /* Main.storyboard */ = {
			isa = PBXVariantGroup;
			children = (
				9409E1231ABF6FEA00312E2B /* Base */,
			);
			name = Main.storyboard;
			sourceTree = "<group>";
		};
/* End PBXVariantGroup section */

/* Begin XCBuildConfiguration section */
		2C5545C11C1124DE00728469 /* Debug */ = {
			isa = XCBuildConfiguration;
			baseConfigurationReference = 3EADA6D1CC2DADA6398F0395 /* Pods-SwiftRadioUITests.debug.xcconfig */;
			buildSettings = {
				DEBUG_INFORMATION_FORMAT = dwarf;
				GCC_NO_COMMON_BLOCKS = YES;
				INFOPLIST_FILE = SwiftRadioUITests/Info.plist;
				IPHONEOS_DEPLOYMENT_TARGET = 9.1;
				LD_RUNPATH_SEARCH_PATHS = "$(inherited) @executable_path/Frameworks @loader_path/Frameworks";
				PRODUCT_BUNDLE_IDENTIFIER = jonah.SwiftRadioUITests;
				PRODUCT_NAME = "$(TARGET_NAME)";
				SWIFT_VERSION = 4.0;
				TEST_TARGET_NAME = SwiftRadio;
				USES_XCTRUNNER = YES;
			};
			name = Debug;
		};
		2C5545C21C1124DE00728469 /* Release */ = {
			isa = XCBuildConfiguration;
			baseConfigurationReference = 57C0D1307BA064D6896FD03B /* Pods-SwiftRadioUITests.release.xcconfig */;
			buildSettings = {
				DEBUG_INFORMATION_FORMAT = "dwarf-with-dsym";
				GCC_NO_COMMON_BLOCKS = YES;
				INFOPLIST_FILE = SwiftRadioUITests/Info.plist;
				IPHONEOS_DEPLOYMENT_TARGET = 9.1;
				LD_RUNPATH_SEARCH_PATHS = "$(inherited) @executable_path/Frameworks @loader_path/Frameworks";
				PRODUCT_BUNDLE_IDENTIFIER = jonah.SwiftRadioUITests;
				PRODUCT_NAME = "$(TARGET_NAME)";
				SWIFT_VERSION = 4.0;
				TEST_TARGET_NAME = SwiftRadio;
				USES_XCTRUNNER = YES;
			};
			name = Release;
		};
		674EE7CA1FA57E020084C256 /* Debug */ = {
			isa = XCBuildConfiguration;
			buildSettings = {
				BUNDLE_LOADER = "$(TEST_HOST)";
				CLANG_ANALYZER_NONNULL = YES;
				CLANG_ANALYZER_NUMBER_OBJECT_CONVERSION = YES_AGGRESSIVE;
				CLANG_CXX_LANGUAGE_STANDARD = "gnu++14";
				CLANG_WARN_DOCUMENTATION_COMMENTS = YES;
				CLANG_WARN_UNGUARDED_AVAILABILITY = YES_AGGRESSIVE;
				CODE_SIGN_IDENTITY = "iPhone Developer";
				CODE_SIGN_STYLE = Automatic;
				DEBUG_INFORMATION_FORMAT = dwarf;
				DEVELOPMENT_TEAM = 39M6848BR5;
				GCC_C_LANGUAGE_STANDARD = gnu11;
				INFOPLIST_FILE = SwiftRadioTests/Info.plist;
				IPHONEOS_DEPLOYMENT_TARGET = 11.0;
				LD_RUNPATH_SEARCH_PATHS = "$(inherited) @executable_path/Frameworks @loader_path/Frameworks";
				PRODUCT_BUNDLE_IDENTIFIER = com.an.SwiftRadioTests;
				PRODUCT_NAME = "$(TARGET_NAME)";
				SWIFT_ACTIVE_COMPILATION_CONDITIONS = DEBUG;
				SWIFT_VERSION = 4.0;
				TARGETED_DEVICE_FAMILY = "1,2";
				TEST_HOST = "$(BUILT_PRODUCTS_DIR)/SwiftRadio.app/SwiftRadio";
			};
			name = Debug;
		};
		674EE7CB1FA57E020084C256 /* Release */ = {
			isa = XCBuildConfiguration;
			buildSettings = {
				BUNDLE_LOADER = "$(TEST_HOST)";
				CLANG_ANALYZER_NONNULL = YES;
				CLANG_ANALYZER_NUMBER_OBJECT_CONVERSION = YES_AGGRESSIVE;
				CLANG_CXX_LANGUAGE_STANDARD = "gnu++14";
				CLANG_WARN_DOCUMENTATION_COMMENTS = YES;
				CLANG_WARN_UNGUARDED_AVAILABILITY = YES_AGGRESSIVE;
				CODE_SIGN_IDENTITY = "iPhone Developer";
				CODE_SIGN_STYLE = Automatic;
				DEBUG_INFORMATION_FORMAT = "dwarf-with-dsym";
				DEVELOPMENT_TEAM = 39M6848BR5;
				GCC_C_LANGUAGE_STANDARD = gnu11;
				INFOPLIST_FILE = SwiftRadioTests/Info.plist;
				IPHONEOS_DEPLOYMENT_TARGET = 11.0;
				LD_RUNPATH_SEARCH_PATHS = "$(inherited) @executable_path/Frameworks @loader_path/Frameworks";
				PRODUCT_BUNDLE_IDENTIFIER = com.an.SwiftRadioTests;
				PRODUCT_NAME = "$(TARGET_NAME)";
				SWIFT_VERSION = 4.0;
				TARGETED_DEVICE_FAMILY = "1,2";
				TEST_HOST = "$(BUILT_PRODUCTS_DIR)/SwiftRadio.app/SwiftRadio";
			};
			name = Release;
		};
		9409E1361ABF6FEA00312E2B /* Debug */ = {
			isa = XCBuildConfiguration;
			buildSettings = {
				ALWAYS_SEARCH_USER_PATHS = NO;
				CLANG_CXX_LANGUAGE_STANDARD = "gnu++0x";
				CLANG_CXX_LIBRARY = "libc++";
				CLANG_ENABLE_MODULES = YES;
				CLANG_ENABLE_OBJC_ARC = YES;
				CLANG_WARN_BLOCK_CAPTURE_AUTORELEASING = YES;
				CLANG_WARN_BOOL_CONVERSION = YES;
				CLANG_WARN_COMMA = YES;
				CLANG_WARN_CONSTANT_CONVERSION = YES;
				CLANG_WARN_DIRECT_OBJC_ISA_USAGE = YES_ERROR;
				CLANG_WARN_EMPTY_BODY = YES;
				CLANG_WARN_ENUM_CONVERSION = YES;
				CLANG_WARN_INFINITE_RECURSION = YES;
				CLANG_WARN_INT_CONVERSION = YES;
				CLANG_WARN_NON_LITERAL_NULL_CONVERSION = YES;
				CLANG_WARN_OBJC_LITERAL_CONVERSION = YES;
				CLANG_WARN_OBJC_ROOT_CLASS = YES_ERROR;
				CLANG_WARN_RANGE_LOOP_ANALYSIS = YES;
				CLANG_WARN_STRICT_PROTOTYPES = YES;
				CLANG_WARN_SUSPICIOUS_MOVE = YES;
				CLANG_WARN_UNREACHABLE_CODE = YES;
				CLANG_WARN__DUPLICATE_METHOD_MATCH = YES;
				"CODE_SIGN_IDENTITY[sdk=iphoneos*]" = "iPhone Developer";
				COPY_PHASE_STRIP = NO;
				ENABLE_STRICT_OBJC_MSGSEND = YES;
				ENABLE_TESTABILITY = YES;
				GCC_C_LANGUAGE_STANDARD = gnu99;
				GCC_DYNAMIC_NO_PIC = NO;
				GCC_NO_COMMON_BLOCKS = YES;
				GCC_OPTIMIZATION_LEVEL = 0;
				GCC_PREPROCESSOR_DEFINITIONS = (
					"DEBUG=1",
					"$(inherited)",
				);
				GCC_SYMBOLS_PRIVATE_EXTERN = NO;
				GCC_WARN_64_TO_32_BIT_CONVERSION = YES;
				GCC_WARN_ABOUT_RETURN_TYPE = YES_ERROR;
				GCC_WARN_UNDECLARED_SELECTOR = YES;
				GCC_WARN_UNINITIALIZED_AUTOS = YES_AGGRESSIVE;
				GCC_WARN_UNUSED_FUNCTION = YES;
				GCC_WARN_UNUSED_VARIABLE = YES;
				IPHONEOS_DEPLOYMENT_TARGET = 8.0;
				MTL_ENABLE_DEBUG_INFO = YES;
				ONLY_ACTIVE_ARCH = YES;
				SDKROOT = iphoneos;
				SWIFT_OPTIMIZATION_LEVEL = "-Onone";
				SWIFT_VERSION = 3.0;
			};
			name = Debug;
		};
		9409E1371ABF6FEA00312E2B /* Release */ = {
			isa = XCBuildConfiguration;
			buildSettings = {
				ALWAYS_SEARCH_USER_PATHS = NO;
				CLANG_CXX_LANGUAGE_STANDARD = "gnu++0x";
				CLANG_CXX_LIBRARY = "libc++";
				CLANG_ENABLE_MODULES = YES;
				CLANG_ENABLE_OBJC_ARC = YES;
				CLANG_WARN_BLOCK_CAPTURE_AUTORELEASING = YES;
				CLANG_WARN_BOOL_CONVERSION = YES;
				CLANG_WARN_COMMA = YES;
				CLANG_WARN_CONSTANT_CONVERSION = YES;
				CLANG_WARN_DIRECT_OBJC_ISA_USAGE = YES_ERROR;
				CLANG_WARN_EMPTY_BODY = YES;
				CLANG_WARN_ENUM_CONVERSION = YES;
				CLANG_WARN_INFINITE_RECURSION = YES;
				CLANG_WARN_INT_CONVERSION = YES;
				CLANG_WARN_NON_LITERAL_NULL_CONVERSION = YES;
				CLANG_WARN_OBJC_LITERAL_CONVERSION = YES;
				CLANG_WARN_OBJC_ROOT_CLASS = YES_ERROR;
				CLANG_WARN_RANGE_LOOP_ANALYSIS = YES;
				CLANG_WARN_STRICT_PROTOTYPES = YES;
				CLANG_WARN_SUSPICIOUS_MOVE = YES;
				CLANG_WARN_UNREACHABLE_CODE = YES;
				CLANG_WARN__DUPLICATE_METHOD_MATCH = YES;
				"CODE_SIGN_IDENTITY[sdk=iphoneos*]" = "iPhone Developer";
				COPY_PHASE_STRIP = NO;
				ENABLE_NS_ASSERTIONS = NO;
				ENABLE_STRICT_OBJC_MSGSEND = YES;
				GCC_C_LANGUAGE_STANDARD = gnu99;
				GCC_NO_COMMON_BLOCKS = YES;
				GCC_WARN_64_TO_32_BIT_CONVERSION = YES;
				GCC_WARN_ABOUT_RETURN_TYPE = YES_ERROR;
				GCC_WARN_UNDECLARED_SELECTOR = YES;
				GCC_WARN_UNINITIALIZED_AUTOS = YES_AGGRESSIVE;
				GCC_WARN_UNUSED_FUNCTION = YES;
				GCC_WARN_UNUSED_VARIABLE = YES;
				IPHONEOS_DEPLOYMENT_TARGET = 8.0;
				MTL_ENABLE_DEBUG_INFO = NO;
				SDKROOT = iphoneos;
				SWIFT_OPTIMIZATION_LEVEL = "-Owholemodule";
				SWIFT_VERSION = 3.0;
				VALIDATE_PRODUCT = YES;
			};
			name = Release;
		};
		9409E1391ABF6FEA00312E2B /* Debug */ = {
			isa = XCBuildConfiguration;
			baseConfigurationReference = F13CDADC3D752BFEEE146DDF /* Pods-SwiftRadio.debug.xcconfig */;
			buildSettings = {
				ASSETCATALOG_COMPILER_APPICON_NAME = AppIcon;
				ASSETCATALOG_COMPILER_LAUNCHIMAGE_NAME = LaunchImage;
				CODE_SIGN_IDENTITY = "iPhone Developer";
				"CODE_SIGN_IDENTITY[sdk=iphoneos*]" = "iPhone Developer";
				DEFINES_MODULE = YES;
				DEVELOPMENT_TEAM = 39M6848BR5;
				FRAMEWORK_SEARCH_PATHS = (
					"$(inherited)",
					"$(PROJECT_DIR)/SwiftRadio",
				);
				INFOPLIST_FILE = SwiftRadio/Info.plist;
				IPHONEOS_DEPLOYMENT_TARGET = 9.0;
				LD_RUNPATH_SEARCH_PATHS = "$(inherited) @executable_path/Frameworks";
				PRODUCT_BUNDLE_IDENTIFIER = com.fradio;
				PRODUCT_NAME = SwiftRadio;
				PROVISIONING_PROFILE = "";
				SWIFT_INSTALL_OBJC_HEADER = NO;
				SWIFT_VERSION = 4.0;
				TARGETED_DEVICE_FAMILY = "1,2";
			};
			name = Debug;
		};
		9409E13A1ABF6FEA00312E2B /* Release */ = {
			isa = XCBuildConfiguration;
			baseConfigurationReference = 15E6185645751A078D553C44 /* Pods-SwiftRadio.release.xcconfig */;
			buildSettings = {
				ASSETCATALOG_COMPILER_APPICON_NAME = AppIcon;
				ASSETCATALOG_COMPILER_LAUNCHIMAGE_NAME = LaunchImage;
				CODE_SIGN_IDENTITY = "iPhone Developer";
				"CODE_SIGN_IDENTITY[sdk=iphoneos*]" = "iPhone Developer";
				DEFINES_MODULE = YES;
				DEVELOPMENT_TEAM = 39M6848BR5;
				FRAMEWORK_SEARCH_PATHS = (
					"$(inherited)",
					"$(PROJECT_DIR)/SwiftRadio",
				);
				INFOPLIST_FILE = SwiftRadio/Info.plist;
				IPHONEOS_DEPLOYMENT_TARGET = 9.0;
				LD_RUNPATH_SEARCH_PATHS = "$(inherited) @executable_path/Frameworks";
				PRODUCT_BUNDLE_IDENTIFIER = com.fradio;
				PRODUCT_NAME = SwiftRadio;
				PROVISIONING_PROFILE = "";
				SWIFT_INSTALL_OBJC_HEADER = NO;
				SWIFT_VERSION = 4.0;
				TARGETED_DEVICE_FAMILY = "1,2";
			};
			name = Release;
		};
/* End XCBuildConfiguration section */

/* Begin XCConfigurationList section */
		2C5545C31C1124DE00728469 /* Build configuration list for PBXNativeTarget "SwiftRadioUITests" */ = {
			isa = XCConfigurationList;
			buildConfigurations = (
				2C5545C11C1124DE00728469 /* Debug */,
				2C5545C21C1124DE00728469 /* Release */,
			);
			defaultConfigurationIsVisible = 0;
			defaultConfigurationName = Release;
		};
		674EE7C91FA57E020084C256 /* Build configuration list for PBXNativeTarget "SwiftRadioTests" */ = {
			isa = XCConfigurationList;
			buildConfigurations = (
				674EE7CA1FA57E020084C256 /* Debug */,
				674EE7CB1FA57E020084C256 /* Release */,
			);
			defaultConfigurationIsVisible = 0;
			defaultConfigurationName = Release;
		};
		9409E1111ABF6FE900312E2B /* Build configuration list for PBXProject "SwiftRadio" */ = {
			isa = XCConfigurationList;
			buildConfigurations = (
				9409E1361ABF6FEA00312E2B /* Debug */,
				9409E1371ABF6FEA00312E2B /* Release */,
			);
			defaultConfigurationIsVisible = 0;
			defaultConfigurationName = Release;
		};
		9409E1381ABF6FEA00312E2B /* Build configuration list for PBXNativeTarget "SwiftRadio" */ = {
			isa = XCConfigurationList;
			buildConfigurations = (
				9409E1391ABF6FEA00312E2B /* Debug */,
				9409E13A1ABF6FEA00312E2B /* Release */,
			);
			defaultConfigurationIsVisible = 0;
			defaultConfigurationName = Release;
		};
/* End XCConfigurationList section */
	};
	rootObject = 9409E10E1ABF6FE900312E2B /* Project object */;
}
